
Microsoft Visual Studio Solution File, Format Version 12.00
# Visual Studio Version 17
VisualStudioVersion = 17.2.32616.157
MinimumVisualStudioVersion = 10.0.40219.1
Project("{9A19103F-16F7-4668-BE54-9A1E7A4F7556}") = "ConsoleApp3", "ConsoleApp3.csproj", "{269C7A9B-9396-48E6-A9C7-48BDDA8AB0FE}"
EndProject
Project("{9A19103F-16F7-4668-BE54-9A1E7A4F7556}") = "Matematik", "..\Matematik\Matematik.csproj", "{99FFF36A-3D96-4022-97DA-5B33C82CC36D}"
EndProject
Project("{FAE04EC0-301F-11D3-BF4B-00C04F79EFBC}") = "OOP1", "..\OOP1\OOP1.csproj", "{9203F9D1-15B9-406A-8BD5-4BA6A5590D0E}"
EndProject
Project("{FAE04EC0-301F-11D3-BF4B-00C04F79EFBC}") = "GenericsIntro", "..\GenericsIntro\GenericsIntro.csproj", "{469E622B-F08A-4A56-A487-D3D7AF4DE860}"
EndProject
Global
	GlobalSection(SolutionConfigurationPlatforms) = preSolution
		Debug|Any CPU = Debug|Any CPU
		Release|Any CPU = Release|Any CPU
	EndGlobalSection
	GlobalSection(ProjectConfigurationPlatforms) = postSolution
		{269C7A9B-9396-48E6-A9C7-48BDDA8AB0FE}.Debug|Any CPU.ActiveCfg = Debug|Any CPU
		{269C7A9B-9396-48E6-A9C7-48BDDA8AB0FE}.Debug|Any CPU.Build.0 = Debug|Any CPU
		{269C7A9B-9396-48E6-A9C7-48BDDA8AB0FE}.Release|Any CPU.ActiveCfg = Release|Any CPU
		{269C7A9B-9396-48E6-A9C7-48BDDA8AB0FE}.Release|Any CPU.Build.0 = Release|Any CPU
		{99FFF36A-3D96-4022-97DA-5B33C82CC36D}.Debug|Any CPU.ActiveCfg = Debug|Any CPU
		{99FFF36A-3D96-4022-97DA-5B33C82CC36D}.Debug|Any CPU.Build.0 = Debug|Any CPU
		{99FFF36A-3D96-4022-97DA-5B33C82CC36D}.Release|Any CPU.ActiveCfg = Release|Any CPU
		{99FFF36A-3D96-4022-97DA-5B33C82CC36D}.Release|Any CPU.Build.0 = Release|Any CPU
		{9203F9D1-15B9-406A-8BD5-4BA6A5590D0E}.Debug|Any CPU.ActiveCfg = Debug|Any CPU
		{9203F9D1-15B9-406A-8BD5-4BA6A5590D0E}.Debug|Any CPU.Build.0 = Debug|Any CPU
		{9203F9D1-15B9-406A-8BD5-4BA6A5590D0E}.Release|Any CPU.ActiveCfg = Release|Any CPU
		{9203F9D1-15B9-406A-8BD5-4BA6A5590D0E}.Release|Any CPU.Build.0 = Release|Any CPU
		{469E622B-F08A-4A56-A487-D3D7AF4DE860}.Debug|Any CPU.ActiveCfg = Debug|Any CPU
		{469E622B-F08A-4A56-A487-D3D7AF4DE860}.Debug|Any CPU.Build.0 = Debug|Any CPU
		{469E622B-F08A-4A56-A487-D3D7AF4DE860}.Release|Any CPU.ActiveCfg = Release|Any CPU
		{469E622B-F08A-4A56-A487-D3D7AF4DE860}.Release|Any CPU.Build.0 = Release|Any CPU
	EndGlobalSection
	GlobalSection(SolutionProperties) = preSolution
		HideSolutionNode = FALSE
	EndGlobalSection
	GlobalSection(ExtensibilityGlobals) = postSolution
		SolutionGuid = {7D37068B-61F1-450F-AB3B-57FCEB605B6B}
	EndGlobalSection
EndGlobal
